Microsoft Visual Studio Solution File, Format Version 1.00
Project("{66355F20-A65B-11D0-BFB5-00A0C91EBFA0}") = "twomedia", "twomedia.vjp", "{90EDA77D-604A-4CCB-A30E-6A984190C84E}"
EndProject
Global
	GlobalSection(LocalDeployment) = postSolution
		StartupProject = {90EDA77D-604A-4CCB-A30E-6A984190C84E}
	EndGlobalSection
	GlobalSection(BuildOrder) = postSolution
		0 = {90EDA77D-604A-4CCB-A30E-6A984190C84E}
	EndGlobalSection
	GlobalSection(DeploymentRoot) = postSolution
	EndGlobalSection
EndGlobal
