Microsoft Visual Studio Solution File, Format Version 1.00
Project("{66355F20-A65B-11D0-BFB5-00A0C91EBFA0}") = "polarization", "polarization.vjp", "{3A7B3F43-2EB5-4B9C-9010-A3B18EBCEFEA}"
EndProject
Global
	GlobalSection(LocalDeployment) = postSolution
		StartupProject = {3A7B3F43-2EB5-4B9C-9010-A3B18EBCEFEA}
	EndGlobalSection
	GlobalSection(BuildOrder) = postSolution
		0 = {3A7B3F43-2EB5-4B9C-9010-A3B18EBCEFEA}
	EndGlobalSection
	GlobalSection(DeploymentRoot) = postSolution
	EndGlobalSection
EndGlobal
